version: '1.2'
images:
  local: pipeline-env:0.1.0
  full: pipeline-env:0.1.0@sha256:e720029180f34bfe65e56daa305f3521b562541857a7c375c8ccb50e149459b5
  pushed: rishabn/pipeline-env:v1.0
build:
  generatedAt: 2025-12-17T13:59:43.776379+00:00Z
  hudVersion: 0.4.74
  directory: pipeline-env
  version: 0.1.0
  sourceHash: 0f897441a8776cf3519240fe4e1bdf8742f838898008658c31c2b2db559baa97
  baseImage: ubuntu:24.04
  platform: linux/amd64
  sourceFiles:
  - Dockerfile
  - pyproject.toml
environment:
  initializeMs: 3984
  toolCount: 4
  runtime:
    python: 3.12.3
    cuda: null
    cudnn: null
    pytorch: null
  internalToolCount: 0
  variables:
    _note: You can edit this section to add or modify environment variables. Provided
      variables will be used when running the environment.
    required:
    - ANTHROPIC_API_KEY
    - HUD_API_KEY
    - HUD_CLIENT_TIMEOUT
    - OPENAI_API_KEY
tools:
- name: str_replace_editor
  description: Edit files using string replacement. Use absolute paths.
  inputSchema:
    properties:
      command:
        enum:
        - view
        - create
        - str_replace
        - insert
        - undo_edit
        title: Command
        type: string
      path:
        title: Path
        type: string
      file_text:
        anyOf:
        - type: string
        - type: 'null'
        default: null
        title: File Text
      view_range:
        anyOf:
        - items:
            type: integer
          type: array
        - type: 'null'
        default: null
        title: View Range
      old_str:
        anyOf:
        - type: string
        - type: 'null'
        default: null
        title: Old Str
      new_str:
        anyOf:
        - type: string
        - type: 'null'
        default: null
        title: New Str
      insert_line:
        anyOf:
        - type: integer
        - type: 'null'
        default: null
        title: Insert Line
    required:
    - command
    - path
    title: str_replace_editorArguments
    type: object
- name: bash
  description: Run bash commands.
  inputSchema:
    properties:
      command:
        title: Command
        type: string
      restart:
        default: false
        title: Restart
        type: boolean
    required:
    - command
    title: bashArguments
    type: object
- name: setup_problem
  description: Initialize the environment (Time Travel + Build Config).
  inputSchema:
    properties:
      problem_id:
        description: Task ID
        title: Problem Id
        type: string
    required:
    - problem_id
    title: setup_problemArguments
    type: object
- name: grade_problem
  description: Run tests and return the grade.
  inputSchema:
    properties:
      problem_id:
        title: Problem Id
        type: string
    required:
    - problem_id
    title: grade_problemArguments
    type: object
push:
  source: pipeline-env:0.1.0
  pushedAt: '2025-12-17T14:51:00.848507Z'
  registry: docker.io
  image_with_tag: rishabn/pipeline-env:v1.0
